{
  "name": "@marvinh/test-a",
  "version": "1.0.0",
  "lockfileVersion": 3,
  "requires": true,
  "packages": {
    "": {
      "name": "@marvinh/test-a",
      "version": "1.0.0",
      "license": "ISC",
      "workspaces": [
        "./packages/*"
      ]
    },
    "node_modules/@marvinh/test-a": {
      "resolved": "packages/a",
      "link": true
    },
    "node_modules/@marvinh/test-b": {
      "resolved": "packages/b",
      "link": true
    },
    "node_modules/@marvinh/yes": {
      "version": "1.0.1",
      "resolved": "https://registry.npmjs.org/@marvinh/yes/-/yes-1.0.1.tgz",
      "integrity": "sha512-tgXbmhsDWq29uY6twtN6G5SPgpIRqm7PEHjGZU2IAU3bS3arh22NaNewb2WVBLVkvK+1x9Ga9GyJojDhUeBGPg==",
      "bin": {
        "mh-yes": "src/bin.js"
      }
    },
    "packages/a": {
      "name": "@marvinh/test-a",
      "version": "1.0.0",
      "license": "ISC",
      "dependencies": {
        "@marvinh/test-b": "^1.0.0",
        "@marvinh/yes": "^1.0.1"
      }
    },
    "packages/b": {
      "name": "@marvinh/test-b",
      "version": "1.0.0",
      "license": "ISC",
      "devDependencies": {}
    }
  }
}
